
Microsoft Visual Studio Solution File, Format Version 12.00
# Visual Studio Version 17
VisualStudioVersion = 17.3.32728.150
MinimumVisualStudioVersion = 10.0.40219.1
Project("{2150E333-8FDC-42A3-9474-1A3956D46DE8}") = "Solution Items", "Solution Items", "{69F600AB-4F9C-486F-88B3-9740A3F74A6E}"
	ProjectSection(SolutionItems) = preProject
		README.md = README.md
	EndProjectSection
EndProject
Project("{9A19103F-16F7-4668-BE54-9A1E7A4F7556}") = "WordReplacer.Tests", "test\WordReplacer.Tests\WordReplacer.Tests.csproj", "{BC644397-C5D6-48C8-849F-916D82ED55D9}"
EndProject
Project("{2150E333-8FDC-42A3-9474-1A3956D46DE8}") = "src", "src", "{9067E32C-E6D0-47F4-A830-657E5C12E9C3}"
EndProject
Project("{2150E333-8FDC-42A3-9474-1A3956D46DE8}") = "test", "test", "{54DF99FE-BA4E-4B91-856B-09D31CA8DFB9}"
EndProject
Project("{9A19103F-16F7-4668-BE54-9A1E7A4F7556}") = "WordReplacer.WebApp", "src\WordReplacer.WebApp\WordReplacer.WebApp.csproj", "{9C6098E5-8961-4DCD-965E-0754B2A151B0}"
EndProject
Project("{FAE04EC0-301F-11D3-BF4B-00C04F79EFBC}") = "WordReplacer.Pages", "src\WordReplacer.Pages\WordReplacer.Pages.csproj", "{2A5FB4DF-3D7D-4409-80B9-4AAB826499E7}"
EndProject
Project("{FAE04EC0-301F-11D3-BF4B-00C04F79EFBC}") = "WordReplacer.Services", "src\WordReplacer.Services\WordReplacer.Services.csproj", "{148D7E06-7C03-4095-8131-2E2D8DC6980B}"
EndProject
Project("{FAE04EC0-301F-11D3-BF4B-00C04F79EFBC}") = "WordReplacer.Common", "src\WordReplacer.Common\WordReplacer.Common.csproj", "{7BBB402D-D936-4043-B5AF-2CD83CD90B9B}"
EndProject
Project("{FAE04EC0-301F-11D3-BF4B-00C04F79EFBC}") = "WordReplacer.Models", "src\WordReplacer.Models\WordReplacer.Models.csproj", "{45D3625E-9C36-4170-BC32-2962832E7B8D}"
EndProject
Project("{FAE04EC0-301F-11D3-BF4B-00C04F79EFBC}") = "WordReplacer.Enums", "src\WordReplacer.Enums\WordReplacer.Enums.csproj", "{DADBB930-3083-48FC-AAF8-CA54094A04EB}"
EndProject
Project("{FAE04EC0-301F-11D3-BF4B-00C04F79EFBC}") = "WordReplacer.Dto", "src\WordReplacer.Dto\WordReplacer.Dto.csproj", "{A45935C2-7917-44EE-A907-284EE342122A}"
EndProject
Global
	GlobalSection(SolutionConfigurationPlatforms) = preSolution
		Debug|Any CPU = Debug|Any CPU
		Release|Any CPU = Release|Any CPU
	EndGlobalSection
	GlobalSection(ProjectConfigurationPlatforms) = postSolution
		{BC644397-C5D6-48C8-849F-916D82ED55D9}.Debug|Any CPU.ActiveCfg = Debug|Any CPU
		{BC644397-C5D6-48C8-849F-916D82ED55D9}.Debug|Any CPU.Build.0 = Debug|Any CPU
		{BC644397-C5D6-48C8-849F-916D82ED55D9}.Release|Any CPU.ActiveCfg = Release|Any CPU
		{BC644397-C5D6-48C8-849F-916D82ED55D9}.Release|Any CPU.Build.0 = Release|Any CPU
		{9C6098E5-8961-4DCD-965E-0754B2A151B0}.Debug|Any CPU.ActiveCfg = Debug|Any CPU
		{9C6098E5-8961-4DCD-965E-0754B2A151B0}.Debug|Any CPU.Build.0 = Debug|Any CPU
		{9C6098E5-8961-4DCD-965E-0754B2A151B0}.Release|Any CPU.ActiveCfg = Release|Any CPU
		{9C6098E5-8961-4DCD-965E-0754B2A151B0}.Release|Any CPU.Build.0 = Release|Any CPU
		{2A5FB4DF-3D7D-4409-80B9-4AAB826499E7}.Debug|Any CPU.ActiveCfg = Debug|Any CPU
		{2A5FB4DF-3D7D-4409-80B9-4AAB826499E7}.Debug|Any CPU.Build.0 = Debug|Any CPU
		{2A5FB4DF-3D7D-4409-80B9-4AAB826499E7}.Release|Any CPU.ActiveCfg = Release|Any CPU
		{2A5FB4DF-3D7D-4409-80B9-4AAB826499E7}.Release|Any CPU.Build.0 = Release|Any CPU
		{148D7E06-7C03-4095-8131-2E2D8DC6980B}.Debug|Any CPU.ActiveCfg = Debug|Any CPU
		{148D7E06-7C03-4095-8131-2E2D8DC6980B}.Debug|Any CPU.Build.0 = Debug|Any CPU
		{148D7E06-7C03-4095-8131-2E2D8DC6980B}.Release|Any CPU.ActiveCfg = Release|Any CPU
		{148D7E06-7C03-4095-8131-2E2D8DC6980B}.Release|Any CPU.Build.0 = Release|Any CPU
		{7BBB402D-D936-4043-B5AF-2CD83CD90B9B}.Debug|Any CPU.ActiveCfg = Debug|Any CPU
		{7BBB402D-D936-4043-B5AF-2CD83CD90B9B}.Debug|Any CPU.Build.0 = Debug|Any CPU
		{7BBB402D-D936-4043-B5AF-2CD83CD90B9B}.Release|Any CPU.ActiveCfg = Release|Any CPU
		{7BBB402D-D936-4043-B5AF-2CD83CD90B9B}.Release|Any CPU.Build.0 = Release|Any CPU
		{45D3625E-9C36-4170-BC32-2962832E7B8D}.Debug|Any CPU.ActiveCfg = Debug|Any CPU
		{45D3625E-9C36-4170-BC32-2962832E7B8D}.Debug|Any CPU.Build.0 = Debug|Any CPU
		{45D3625E-9C36-4170-BC32-2962832E7B8D}.Release|Any CPU.ActiveCfg = Release|Any CPU
		{45D3625E-9C36-4170-BC32-2962832E7B8D}.Release|Any CPU.Build.0 = Release|Any CPU
		{DADBB930-3083-48FC-AAF8-CA54094A04EB}.Debug|Any CPU.ActiveCfg = Debug|Any CPU
		{DADBB930-3083-48FC-AAF8-CA54094A04EB}.Debug|Any CPU.Build.0 = Debug|Any CPU
		{DADBB930-3083-48FC-AAF8-CA54094A04EB}.Release|Any CPU.ActiveCfg = Release|Any CPU
		{DADBB930-3083-48FC-AAF8-CA54094A04EB}.Release|Any CPU.Build.0 = Release|Any CPU
		{A45935C2-7917-44EE-A907-284EE342122A}.Debug|Any CPU.ActiveCfg = Debug|Any CPU
		{A45935C2-7917-44EE-A907-284EE342122A}.Debug|Any CPU.Build.0 = Debug|Any CPU
		{A45935C2-7917-44EE-A907-284EE342122A}.Release|Any CPU.ActiveCfg = Release|Any CPU
		{A45935C2-7917-44EE-A907-284EE342122A}.Release|Any CPU.Build.0 = Release|Any CPU
	EndGlobalSection
	GlobalSection(SolutionProperties) = preSolution
		HideSolutionNode = FALSE
	EndGlobalSection
	GlobalSection(NestedProjects) = preSolution
		{BC644397-C5D6-48C8-849F-916D82ED55D9} = {54DF99FE-BA4E-4B91-856B-09D31CA8DFB9}
		{9C6098E5-8961-4DCD-965E-0754B2A151B0} = {9067E32C-E6D0-47F4-A830-657E5C12E9C3}
		{2A5FB4DF-3D7D-4409-80B9-4AAB826499E7} = {9067E32C-E6D0-47F4-A830-657E5C12E9C3}
		{148D7E06-7C03-4095-8131-2E2D8DC6980B} = {9067E32C-E6D0-47F4-A830-657E5C12E9C3}
		{7BBB402D-D936-4043-B5AF-2CD83CD90B9B} = {9067E32C-E6D0-47F4-A830-657E5C12E9C3}
		{45D3625E-9C36-4170-BC32-2962832E7B8D} = {9067E32C-E6D0-47F4-A830-657E5C12E9C3}
		{DADBB930-3083-48FC-AAF8-CA54094A04EB} = {9067E32C-E6D0-47F4-A830-657E5C12E9C3}
		{A45935C2-7917-44EE-A907-284EE342122A} = {9067E32C-E6D0-47F4-A830-657E5C12E9C3}
	EndGlobalSection
	GlobalSection(ExtensibilityGlobals) = postSolution
		SolutionGuid = {E43599F9-603B-4906-8818-1AF40982C102}
	EndGlobalSection
EndGlobal
