
Microsoft Visual Studio Solution File, Format Version 12.00
# Visual Studio Version 17
VisualStudioVersion = 17.3.32728.150
MinimumVisualStudioVersion = 10.0.40219.1
Project("{2150E333-8FDC-42A3-9474-1A3956D46DE8}") = "Solution Items", "Solution Items", "{69F600AB-4F9C-486F-88B3-9740A3F74A6E}"
	ProjectSection(SolutionItems) = preProject
		README.md = README.md
	EndProjectSection
EndProject
Project("{FAE04EC0-301F-11D3-BF4B-00C04F79EFBC}") = "WordReplacer.Tests", "test\WordReplacer.Tests\WordReplacer.Tests.csproj", "{BC644397-C5D6-48C8-849F-916D82ED55D9}"
EndProject
Project("{FAE04EC0-301F-11D3-BF4B-00C04F79EFBC}") = "WordReplacer", "WordReplacer\WordReplacer.csproj", "{7D159F7C-E043-472B-BA7C-05521F079A52}"
EndProject
Global
	GlobalSection(SolutionConfigurationPlatforms) = preSolution
		Debug|Any CPU = Debug|Any CPU
		Release|Any CPU = Release|Any CPU
	EndGlobalSection
	GlobalSection(ProjectConfigurationPlatforms) = postSolution
		{BC644397-C5D6-48C8-849F-916D82ED55D9}.Debug|Any CPU.ActiveCfg = Debug|Any CPU
		{BC644397-C5D6-48C8-849F-916D82ED55D9}.Debug|Any CPU.Build.0 = Debug|Any CPU
		{BC644397-C5D6-48C8-849F-916D82ED55D9}.Release|Any CPU.ActiveCfg = Release|Any CPU
		{BC644397-C5D6-48C8-849F-916D82ED55D9}.Release|Any CPU.Build.0 = Release|Any CPU
		{7D159F7C-E043-472B-BA7C-05521F079A52}.Debug|Any CPU.ActiveCfg = Debug|Any CPU
		{7D159F7C-E043-472B-BA7C-05521F079A52}.Debug|Any CPU.Build.0 = Debug|Any CPU
		{7D159F7C-E043-472B-BA7C-05521F079A52}.Release|Any CPU.ActiveCfg = Release|Any CPU
		{7D159F7C-E043-472B-BA7C-05521F079A52}.Release|Any CPU.Build.0 = Release|Any CPU
	EndGlobalSection
	GlobalSection(SolutionProperties) = preSolution
		HideSolutionNode = FALSE
	EndGlobalSection
	GlobalSection(ExtensibilityGlobals) = postSolution
		SolutionGuid = {E43599F9-603B-4906-8818-1AF40982C102}
	EndGlobalSection
EndGlobal
